
Microsoft Visual Studio Solution File, Format Version 12.00
# Visual Studio Version 17
VisualStudioVersion = 17.1.32210.238
MinimumVisualStudioVersion = 10.0.40219.1
Project("{FAE04EC0-301F-11D3-BF4B-00C04F79EFBC}") = "App", "App\App.csproj", "{B80E9F13-13CB-4D3D-8A3E-07D7AD553A04}"
EndProject
Global
	GlobalSection(SolutionConfigurationPlatforms) = preSolution
		Debug|Any CPU = Debug|Any CPU
		Release|Any CPU = Release|Any CPU
	EndGlobalSection
	GlobalSection(ProjectConfigurationPlatforms) = postSolution
		{B80E9F13-13CB-4D3D-8A3E-07D7AD553A04}.Debug|Any CPU.ActiveCfg = Debug|Any CPU
		{B80E9F13-13CB-4D3D-8A3E-07D7AD553A04}.Debug|Any CPU.Build.0 = Debug|Any CPU
		{B80E9F13-13CB-4D3D-8A3E-07D7AD553A04}.Release|Any CPU.ActiveCfg = Release|Any CPU
		{B80E9F13-13CB-4D3D-8A3E-07D7AD553A04}.Release|Any CPU.Build.0 = Release|Any CPU
	EndGlobalSection
	GlobalSection(SolutionProperties) = preSolution
		HideSolutionNode = FALSE
	EndGlobalSection
	GlobalSection(ExtensibilityGlobals) = postSolution
		SolutionGuid = {196B4554-7BD3-4303-92B5-2186EDC9F18D}
	EndGlobalSection
EndGlobal
